
Microsoft Visual Studio Solution File, Format Version 12.00
# Visual Studio Version 17
VisualStudioVersion = 17.0.31903.59
MinimumVisualStudioVersion = 10.0.40219.1
Project("{2150E333-8FDC-42A3-9474-1A3956D46DE8}") = "src", "src", "{975046E5-09CB-4223-BF93-68A56A8560EB}"
EndProject
Project("{2150E333-8FDC-42A3-9474-1A3956D46DE8}") = "Services", "Services", "{E613FE28-FB56-4B20-B5D4-9410181D9BEE}"
EndProject
Project("{2150E333-8FDC-42A3-9474-1A3956D46DE8}") = "UserService", "UserService", "{E3E00477-E1E2-4F67-9850-4BF01B83BFB1}"
EndProject
Project("{FAE04EC0-301F-11D3-BF4B-00C04F79EFBC}") = "LibHub.UserService.Domain", "src\Services\UserService\LibHub.UserService.Domain\LibHub.UserService.Domain.csproj", "{82D96B16-F075-464E-A1E3-93A9965CE084}"
EndProject
Project("{FAE04EC0-301F-11D3-BF4B-00C04F79EFBC}") = "LibHub.UserService.Application", "src\Services\UserService\LibHub.UserService.Application\LibHub.UserService.Application.csproj", "{1B3A778B-AF24-4B59-B7FC-F605DE45FB8A}"
EndProject
Project("{FAE04EC0-301F-11D3-BF4B-00C04F79EFBC}") = "LibHub.UserService.Infrastructure", "src\Services\UserService\LibHub.UserService.Infrastructure\LibHub.UserService.Infrastructure.csproj", "{CB00BB9C-46B5-4D06-A6CC-6EA9C0603CFC}"
EndProject
Project("{FAE04EC0-301F-11D3-BF4B-00C04F79EFBC}") = "LibHub.UserService.Api", "src\Services\UserService\LibHub.UserService.Api\LibHub.UserService.Api.csproj", "{768B35E0-7DBC-42EC-AECF-F824778DA38D}"
EndProject
Project("{2150E333-8FDC-42A3-9474-1A3956D46DE8}") = "CatalogService", "CatalogService", "{A9ECFCEB-8997-4103-9686-D55116B09DEC}"
EndProject
Project("{FAE04EC0-301F-11D3-BF4B-00C04F79EFBC}") = "LibHub.CatalogService.Domain", "src\Services\CatalogService\LibHub.CatalogService.Domain\LibHub.CatalogService.Domain.csproj", "{A2AC42A4-92AB-4520-B360-89B6DAC9F3B7}"
EndProject
Project("{FAE04EC0-301F-11D3-BF4B-00C04F79EFBC}") = "LibHub.CatalogService.Application", "src\Services\CatalogService\LibHub.CatalogService.Application\LibHub.CatalogService.Application.csproj", "{85C5DB51-2948-4608-905A-88643779A169}"
EndProject
Project("{FAE04EC0-301F-11D3-BF4B-00C04F79EFBC}") = "LibHub.CatalogService.Infrastructure", "src\Services\CatalogService\LibHub.CatalogService.Infrastructure\LibHub.CatalogService.Infrastructure.csproj", "{45F0C52D-FE98-43F7-A008-EB61720083BE}"
EndProject
Project("{FAE04EC0-301F-11D3-BF4B-00C04F79EFBC}") = "LibHub.CatalogService.Api", "src\Services\CatalogService\LibHub.CatalogService.Api\LibHub.CatalogService.Api.csproj", "{BB669AE4-A1AF-4A42-8918-6FED4015FB6D}"
EndProject
Project("{2150E333-8FDC-42A3-9474-1A3956D46DE8}") = "LoanService", "LoanService", "{E334A1BE-A987-4D1B-BCBA-4D002CB50B4D}"
EndProject
Project("{FAE04EC0-301F-11D3-BF4B-00C04F79EFBC}") = "LibHub.LoanService.Domain", "src\Services\LoanService\LibHub.LoanService.Domain\LibHub.LoanService.Domain.csproj", "{8CC6656C-4657-4765-96C8-FC3DC93C7A03}"
EndProject
Project("{FAE04EC0-301F-11D3-BF4B-00C04F79EFBC}") = "LibHub.LoanService.Application", "src\Services\LoanService\LibHub.LoanService.Application\LibHub.LoanService.Application.csproj", "{F6A1AD32-A93D-4222-9AC7-D43C63C2B82E}"
EndProject
Project("{FAE04EC0-301F-11D3-BF4B-00C04F79EFBC}") = "LibHub.LoanService.Infrastructure", "src\Services\LoanService\LibHub.LoanService.Infrastructure\LibHub.LoanService.Infrastructure.csproj", "{C5E9E0DC-748B-4916-AE2A-566CA9F853D0}"
EndProject
Project("{FAE04EC0-301F-11D3-BF4B-00C04F79EFBC}") = "LibHub.LoanService.Api", "src\Services\LoanService\LibHub.LoanService.Api\LibHub.LoanService.Api.csproj", "{053136D3-31A7-4B20-B597-991B2E59B747}"
EndProject
Project("{2150E333-8FDC-42A3-9474-1A3956D46DE8}") = "tests", "tests", "{29FC4DE3-057A-4713-A73F-FEAA8EA10250}"
EndProject
Project("{FAE04EC0-301F-11D3-BF4B-00C04F79EFBC}") = "LibHub.UserService.Tests", "tests\LibHub.UserService.Tests\LibHub.UserService.Tests.csproj", "{AF7BD970-2222-40A2-A1C3-BEDBBFFDD5B3}"
EndProject
Global
	GlobalSection(SolutionConfigurationPlatforms) = preSolution
		Debug|Any CPU = Debug|Any CPU
		Release|Any CPU = Release|Any CPU
	EndGlobalSection
	GlobalSection(SolutionProperties) = preSolution
		HideSolutionNode = FALSE
	EndGlobalSection
	GlobalSection(ProjectConfigurationPlatforms) = postSolution
		{82D96B16-F075-464E-A1E3-93A9965CE084}.Debug|Any CPU.ActiveCfg = Debug|Any CPU
		{82D96B16-F075-464E-A1E3-93A9965CE084}.Debug|Any CPU.Build.0 = Debug|Any CPU
		{82D96B16-F075-464E-A1E3-93A9965CE084}.Release|Any CPU.ActiveCfg = Release|Any CPU
		{82D96B16-F075-464E-A1E3-93A9965CE084}.Release|Any CPU.Build.0 = Release|Any CPU
		{1B3A778B-AF24-4B59-B7FC-F605DE45FB8A}.Debug|Any CPU.ActiveCfg = Debug|Any CPU
		{1B3A778B-AF24-4B59-B7FC-F605DE45FB8A}.Debug|Any CPU.Build.0 = Debug|Any CPU
		{1B3A778B-AF24-4B59-B7FC-F605DE45FB8A}.Release|Any CPU.ActiveCfg = Release|Any CPU
		{1B3A778B-AF24-4B59-B7FC-F605DE45FB8A}.Release|Any CPU.Build.0 = Release|Any CPU
		{CB00BB9C-46B5-4D06-A6CC-6EA9C0603CFC}.Debug|Any CPU.ActiveCfg = Debug|Any CPU
		{CB00BB9C-46B5-4D06-A6CC-6EA9C0603CFC}.Debug|Any CPU.Build.0 = Debug|Any CPU
		{CB00BB9C-46B5-4D06-A6CC-6EA9C0603CFC}.Release|Any CPU.ActiveCfg = Release|Any CPU
		{CB00BB9C-46B5-4D06-A6CC-6EA9C0603CFC}.Release|Any CPU.Build.0 = Release|Any CPU
		{768B35E0-7DBC-42EC-AECF-F824778DA38D}.Debug|Any CPU.ActiveCfg = Debug|Any CPU
		{768B35E0-7DBC-42EC-AECF-F824778DA38D}.Debug|Any CPU.Build.0 = Debug|Any CPU
		{768B35E0-7DBC-42EC-AECF-F824778DA38D}.Release|Any CPU.ActiveCfg = Release|Any CPU
		{768B35E0-7DBC-42EC-AECF-F824778DA38D}.Release|Any CPU.Build.0 = Release|Any CPU
		{A2AC42A4-92AB-4520-B360-89B6DAC9F3B7}.Debug|Any CPU.ActiveCfg = Debug|Any CPU
		{A2AC42A4-92AB-4520-B360-89B6DAC9F3B7}.Debug|Any CPU.Build.0 = Debug|Any CPU
		{A2AC42A4-92AB-4520-B360-89B6DAC9F3B7}.Release|Any CPU.ActiveCfg = Release|Any CPU
		{A2AC42A4-92AB-4520-B360-89B6DAC9F3B7}.Release|Any CPU.Build.0 = Release|Any CPU
		{85C5DB51-2948-4608-905A-88643779A169}.Debug|Any CPU.ActiveCfg = Debug|Any CPU
		{85C5DB51-2948-4608-905A-88643779A169}.Debug|Any CPU.Build.0 = Debug|Any CPU
		{85C5DB51-2948-4608-905A-88643779A169}.Release|Any CPU.ActiveCfg = Release|Any CPU
		{85C5DB51-2948-4608-905A-88643779A169}.Release|Any CPU.Build.0 = Release|Any CPU
		{45F0C52D-FE98-43F7-A008-EB61720083BE}.Debug|Any CPU.ActiveCfg = Debug|Any CPU
		{45F0C52D-FE98-43F7-A008-EB61720083BE}.Debug|Any CPU.Build.0 = Debug|Any CPU
		{45F0C52D-FE98-43F7-A008-EB61720083BE}.Release|Any CPU.ActiveCfg = Release|Any CPU
		{45F0C52D-FE98-43F7-A008-EB61720083BE}.Release|Any CPU.Build.0 = Release|Any CPU
		{BB669AE4-A1AF-4A42-8918-6FED4015FB6D}.Debug|Any CPU.ActiveCfg = Debug|Any CPU
		{BB669AE4-A1AF-4A42-8918-6FED4015FB6D}.Debug|Any CPU.Build.0 = Debug|Any CPU
		{BB669AE4-A1AF-4A42-8918-6FED4015FB6D}.Release|Any CPU.ActiveCfg = Release|Any CPU
		{BB669AE4-A1AF-4A42-8918-6FED4015FB6D}.Release|Any CPU.Build.0 = Release|Any CPU
		{8CC6656C-4657-4765-96C8-FC3DC93C7A03}.Debug|Any CPU.ActiveCfg = Debug|Any CPU
		{8CC6656C-4657-4765-96C8-FC3DC93C7A03}.Debug|Any CPU.Build.0 = Debug|Any CPU
		{8CC6656C-4657-4765-96C8-FC3DC93C7A03}.Release|Any CPU.ActiveCfg = Release|Any CPU
		{8CC6656C-4657-4765-96C8-FC3DC93C7A03}.Release|Any CPU.Build.0 = Release|Any CPU
		{F6A1AD32-A93D-4222-9AC7-D43C63C2B82E}.Debug|Any CPU.ActiveCfg = Debug|Any CPU
		{F6A1AD32-A93D-4222-9AC7-D43C63C2B82E}.Debug|Any CPU.Build.0 = Debug|Any CPU
		{F6A1AD32-A93D-4222-9AC7-D43C63C2B82E}.Release|Any CPU.ActiveCfg = Release|Any CPU
		{F6A1AD32-A93D-4222-9AC7-D43C63C2B82E}.Release|Any CPU.Build.0 = Release|Any CPU
		{C5E9E0DC-748B-4916-AE2A-566CA9F853D0}.Debug|Any CPU.ActiveCfg = Debug|Any CPU
		{C5E9E0DC-748B-4916-AE2A-566CA9F853D0}.Debug|Any CPU.Build.0 = Debug|Any CPU
		{C5E9E0DC-748B-4916-AE2A-566CA9F853D0}.Release|Any CPU.ActiveCfg = Release|Any CPU
		{C5E9E0DC-748B-4916-AE2A-566CA9F853D0}.Release|Any CPU.Build.0 = Release|Any CPU
		{053136D3-31A7-4B20-B597-991B2E59B747}.Debug|Any CPU.ActiveCfg = Debug|Any CPU
		{053136D3-31A7-4B20-B597-991B2E59B747}.Debug|Any CPU.Build.0 = Debug|Any CPU
		{053136D3-31A7-4B20-B597-991B2E59B747}.Release|Any CPU.ActiveCfg = Release|Any CPU
		{053136D3-31A7-4B20-B597-991B2E59B747}.Release|Any CPU.Build.0 = Release|Any CPU
		{AF7BD970-2222-40A2-A1C3-BEDBBFFDD5B3}.Debug|Any CPU.ActiveCfg = Debug|Any CPU
		{AF7BD970-2222-40A2-A1C3-BEDBBFFDD5B3}.Debug|Any CPU.Build.0 = Debug|Any CPU
		{AF7BD970-2222-40A2-A1C3-BEDBBFFDD5B3}.Release|Any CPU.ActiveCfg = Release|Any CPU
		{AF7BD970-2222-40A2-A1C3-BEDBBFFDD5B3}.Release|Any CPU.Build.0 = Release|Any CPU
	EndGlobalSection
	GlobalSection(NestedProjects) = preSolution
		{E613FE28-FB56-4B20-B5D4-9410181D9BEE} = {975046E5-09CB-4223-BF93-68A56A8560EB}
		{E3E00477-E1E2-4F67-9850-4BF01B83BFB1} = {E613FE28-FB56-4B20-B5D4-9410181D9BEE}
		{82D96B16-F075-464E-A1E3-93A9965CE084} = {E3E00477-E1E2-4F67-9850-4BF01B83BFB1}
		{1B3A778B-AF24-4B59-B7FC-F605DE45FB8A} = {E3E00477-E1E2-4F67-9850-4BF01B83BFB1}
		{CB00BB9C-46B5-4D06-A6CC-6EA9C0603CFC} = {E3E00477-E1E2-4F67-9850-4BF01B83BFB1}
		{768B35E0-7DBC-42EC-AECF-F824778DA38D} = {E3E00477-E1E2-4F67-9850-4BF01B83BFB1}
		{A9ECFCEB-8997-4103-9686-D55116B09DEC} = {E613FE28-FB56-4B20-B5D4-9410181D9BEE}
		{A2AC42A4-92AB-4520-B360-89B6DAC9F3B7} = {A9ECFCEB-8997-4103-9686-D55116B09DEC}
		{85C5DB51-2948-4608-905A-88643779A169} = {A9ECFCEB-8997-4103-9686-D55116B09DEC}
		{45F0C52D-FE98-43F7-A008-EB61720083BE} = {A9ECFCEB-8997-4103-9686-D55116B09DEC}
		{BB669AE4-A1AF-4A42-8918-6FED4015FB6D} = {A9ECFCEB-8997-4103-9686-D55116B09DEC}
		{E334A1BE-A987-4D1B-BCBA-4D002CB50B4D} = {E613FE28-FB56-4B20-B5D4-9410181D9BEE}
		{8CC6656C-4657-4765-96C8-FC3DC93C7A03} = {E334A1BE-A987-4D1B-BCBA-4D002CB50B4D}
		{F6A1AD32-A93D-4222-9AC7-D43C63C2B82E} = {E334A1BE-A987-4D1B-BCBA-4D002CB50B4D}
		{C5E9E0DC-748B-4916-AE2A-566CA9F853D0} = {E334A1BE-A987-4D1B-BCBA-4D002CB50B4D}
		{053136D3-31A7-4B20-B597-991B2E59B747} = {E334A1BE-A987-4D1B-BCBA-4D002CB50B4D}
		{AF7BD970-2222-40A2-A1C3-BEDBBFFDD5B3} = {29FC4DE3-057A-4713-A73F-FEAA8EA10250}
	EndGlobalSection
EndGlobal
