
Microsoft Visual Studio Solution File, Format Version 12.00
# Visual Studio Version 17
VisualStudioVersion = 17.0.31903.59
MinimumVisualStudioVersion = 10.0.40219.1
Project("{2150E333-8FDC-42A3-9474-1A3956D46DE8}") = "src", "src", "{975046E5-09CB-4223-BF93-68A56A8560EB}"
EndProject
Project("{2150E333-8FDC-42A3-9474-1A3956D46DE8}") = "Services", "Services", "{E613FE28-FB56-4B20-B5D4-9410181D9BEE}"
EndProject
Project("{FAE04EC0-301F-11D3-BF4B-00C04F79EFBC}") = "LibHub.UserService", "src\Services\UserService\LibHub.UserService.csproj", "{82D96B16-F075-464E-A1E3-93A9965CE084}"
EndProject
Project("{FAE04EC0-301F-11D3-BF4B-00C04F79EFBC}") = "LibHub.CatalogService", "src\Services\CatalogService\LibHub.CatalogService.csproj", "{A2AC42A4-92AB-4520-B360-89B6DAC9F3B7}"
EndProject
Project("{FAE04EC0-301F-11D3-BF4B-00C04F79EFBC}") = "LibHub.LoanService", "src\Services\LoanService\LibHub.LoanService.csproj", "{8CC6656C-4657-4765-96C8-FC3DC93C7A03}"
EndProject
Project("{2150E333-8FDC-42A3-9474-1A3956D46DE8}") = "tests", "tests", "{29FC4DE3-057A-4713-A73F-FEAA8EA10250}"
EndProject
Project("{FAE04EC0-301F-11D3-BF4B-00C04F79EFBC}") = "LibHub.UserService.Tests", "tests\LibHub.UserService.Tests\LibHub.UserService.Tests.csproj", "{AF7BD970-2222-40A2-A1C3-BEDBBFFDD5B3}"
EndProject
Project("{FAE04EC0-301F-11D3-BF4B-00C04F79EFBC}") = "LibHub.CatalogService.Tests", "tests\LibHub.CatalogService.Tests\LibHub.CatalogService.Tests.csproj", "{91A3FC53-568F-4B10-8ABF-3CDD939F80B9}"
EndProject
Project("{FAE04EC0-301F-11D3-BF4B-00C04F79EFBC}") = "LibHub.LoanService.Tests", "tests\LibHub.LoanService.Tests\LibHub.LoanService.Tests.csproj", "{8BB94EA3-13EA-49B5-8D6D-E2E0844DD264}"
EndProject
Project("{2150E333-8FDC-42A3-9474-1A3956D46DE8}") = "Gateway", "Gateway", "{7EFEBC44-F3FF-475C-A2E9-20D25CC32FD6}"
EndProject
Project("{FAE04EC0-301F-11D3-BF4B-00C04F79EFBC}") = "LibHub.Gateway.Api", "src\Gateway\LibHub.Gateway.Api\LibHub.Gateway.Api.csproj", "{DCCCDF2D-7D6F-423A-8A1C-F95693F584AF}"
EndProject
Global
	GlobalSection(SolutionConfigurationPlatforms) = preSolution
		Debug|Any CPU = Debug|Any CPU
		Release|Any CPU = Release|Any CPU
	EndGlobalSection
	GlobalSection(SolutionProperties) = preSolution
		HideSolutionNode = FALSE
	EndGlobalSection
	GlobalSection(ProjectConfigurationPlatforms) = postSolution
		{82D96B16-F075-464E-A1E3-93A9965CE084}.Debug|Any CPU.ActiveCfg = Debug|Any CPU
		{82D96B16-F075-464E-A1E3-93A9965CE084}.Debug|Any CPU.Build.0 = Debug|Any CPU
		{82D96B16-F075-464E-A1E3-93A9965CE084}.Release|Any CPU.ActiveCfg = Release|Any CPU
		{82D96B16-F075-464E-A1E3-93A9965CE084}.Release|Any CPU.Build.0 = Release|Any CPU
		{A2AC42A4-92AB-4520-B360-89B6DAC9F3B7}.Debug|Any CPU.ActiveCfg = Debug|Any CPU
		{A2AC42A4-92AB-4520-B360-89B6DAC9F3B7}.Debug|Any CPU.Build.0 = Debug|Any CPU
		{A2AC42A4-92AB-4520-B360-89B6DAC9F3B7}.Release|Any CPU.ActiveCfg = Release|Any CPU
		{A2AC42A4-92AB-4520-B360-89B6DAC9F3B7}.Release|Any CPU.Build.0 = Release|Any CPU
		{8CC6656C-4657-4765-96C8-FC3DC93C7A03}.Debug|Any CPU.ActiveCfg = Debug|Any CPU
		{8CC6656C-4657-4765-96C8-FC3DC93C7A03}.Debug|Any CPU.Build.0 = Debug|Any CPU
		{8CC6656C-4657-4765-96C8-FC3DC93C7A03}.Release|Any CPU.ActiveCfg = Release|Any CPU
		{8CC6656C-4657-4765-96C8-FC3DC93C7A03}.Release|Any CPU.Build.0 = Release|Any CPU
		{AF7BD970-2222-40A2-A1C3-BEDBBFFDD5B3}.Debug|Any CPU.ActiveCfg = Debug|Any CPU
		{AF7BD970-2222-40A2-A1C3-BEDBBFFDD5B3}.Debug|Any CPU.Build.0 = Debug|Any CPU
		{AF7BD970-2222-40A2-A1C3-BEDBBFFDD5B3}.Release|Any CPU.ActiveCfg = Release|Any CPU
		{AF7BD970-2222-40A2-A1C3-BEDBBFFDD5B3}.Release|Any CPU.Build.0 = Release|Any CPU
		{91A3FC53-568F-4B10-8ABF-3CDD939F80B9}.Debug|Any CPU.ActiveCfg = Debug|Any CPU
		{91A3FC53-568F-4B10-8ABF-3CDD939F80B9}.Debug|Any CPU.Build.0 = Debug|Any CPU
		{91A3FC53-568F-4B10-8ABF-3CDD939F80B9}.Release|Any CPU.ActiveCfg = Release|Any CPU
		{91A3FC53-568F-4B10-8ABF-3CDD939F80B9}.Release|Any CPU.Build.0 = Release|Any CPU
		{8BB94EA3-13EA-49B5-8D6D-E2E0844DD264}.Debug|Any CPU.ActiveCfg = Debug|Any CPU
		{8BB94EA3-13EA-49B5-8D6D-E2E0844DD264}.Debug|Any CPU.Build.0 = Debug|Any CPU
		{8BB94EA3-13EA-49B5-8D6D-E2E0844DD264}.Release|Any CPU.ActiveCfg = Release|Any CPU
		{8BB94EA3-13EA-49B5-8D6D-E2E0844DD264}.Release|Any CPU.Build.0 = Release|Any CPU
		{DCCCDF2D-7D6F-423A-8A1C-F95693F584AF}.Debug|Any CPU.ActiveCfg = Debug|Any CPU
		{DCCCDF2D-7D6F-423A-8A1C-F95693F584AF}.Debug|Any CPU.Build.0 = Debug|Any CPU
		{DCCCDF2D-7D6F-423A-8A1C-F95693F584AF}.Release|Any CPU.ActiveCfg = Release|Any CPU
		{DCCCDF2D-7D6F-423A-8A1C-F95693F584AF}.Release|Any CPU.Build.0 = Release|Any CPU
	EndGlobalSection
	GlobalSection(NestedProjects) = preSolution
		{E613FE28-FB56-4B20-B5D4-9410181D9BEE} = {975046E5-09CB-4223-BF93-68A56A8560EB}
		{82D96B16-F075-464E-A1E3-93A9965CE084} = {E613FE28-FB56-4B20-B5D4-9410181D9BEE}
		{A2AC42A4-92AB-4520-B360-89B6DAC9F3B7} = {E613FE28-FB56-4B20-B5D4-9410181D9BEE}
		{8CC6656C-4657-4765-96C8-FC3DC93C7A03} = {E613FE28-FB56-4B20-B5D4-9410181D9BEE}
		{AF7BD970-2222-40A2-A1C3-BEDBBFFDD5B3} = {29FC4DE3-057A-4713-A73F-FEAA8EA10250}
		{91A3FC53-568F-4B10-8ABF-3CDD939F80B9} = {29FC4DE3-057A-4713-A73F-FEAA8EA10250}
		{8BB94EA3-13EA-49B5-8D6D-E2E0844DD264} = {29FC4DE3-057A-4713-A73F-FEAA8EA10250}
		{7EFEBC44-F3FF-475C-A2E9-20D25CC32FD6} = {975046E5-09CB-4223-BF93-68A56A8560EB}
		{DCCCDF2D-7D6F-423A-8A1C-F95693F584AF} = {7EFEBC44-F3FF-475C-A2E9-20D25CC32FD6}
	EndGlobalSection
EndGlobal
